
Microsoft Visual Studio Solution File, Format Version 12.00
# Visual Studio Version 16
VisualStudioVersion = 25.0.1703.8
MinimumVisualStudioVersion = 10.0.40219.1
Project("{FAE04EC0-301F-11D3-BF4B-00C04F79EFBC}") = "ShoppingList", "ShoppingList\ShoppingList.csproj", "{215644FC-0504-4743-BBF2-0864313A13BF}"
EndProject
Global
	GlobalSection(SolutionConfigurationPlatforms) = preSolution
		Debug|Any CPU = Debug|Any CPU
		Release|Any CPU = Release|Any CPU
	EndGlobalSection
	GlobalSection(ProjectConfigurationPlatforms) = postSolution
		{215644FC-0504-4743-BBF2-0864313A13BF}.Debug|Any CPU.ActiveCfg = Debug|Any CPU
		{215644FC-0504-4743-BBF2-0864313A13BF}.Debug|Any CPU.Build.0 = Debug|Any CPU
		{215644FC-0504-4743-BBF2-0864313A13BF}.Release|Any CPU.ActiveCfg = Release|Any CPU
		{215644FC-0504-4743-BBF2-0864313A13BF}.Release|Any CPU.Build.0 = Release|Any CPU
	EndGlobalSection
	GlobalSection(SolutionProperties) = preSolution
		HideSolutionNode = FALSE
	EndGlobalSection
	GlobalSection(ExtensibilityGlobals) = postSolution
		SolutionGuid = {7EF45E8C-F27E-4847-A084-8A84C4B97D95}
	EndGlobalSection
EndGlobal
